
Microsoft Visual Studio Solution File, Format Version 12.00
# Visual Studio Version 16
VisualStudioVersion = 25.0.1706.14
MinimumVisualStudioVersion = 10.0.40219.1
Project("{FAE04EC0-301F-11D3-BF4B-00C04F79EFBC}") = "SimpleWebApp", "SimpleWebApp\SimpleWebApp.csproj", "{BC2668D6-8279-4B8A-9BE4-FE8ACF552638}"
EndProject
Global
	GlobalSection(SolutionConfigurationPlatforms) = preSolution
		Debug|Any CPU = Debug|Any CPU
		Release|Any CPU = Release|Any CPU
	EndGlobalSection
	GlobalSection(ProjectConfigurationPlatforms) = postSolution
		{BC2668D6-8279-4B8A-9BE4-FE8ACF552638}.Debug|Any CPU.ActiveCfg = Debug|Any CPU
		{BC2668D6-8279-4B8A-9BE4-FE8ACF552638}.Debug|Any CPU.Build.0 = Debug|Any CPU
		{BC2668D6-8279-4B8A-9BE4-FE8ACF552638}.Release|Any CPU.ActiveCfg = Release|Any CPU
		{BC2668D6-8279-4B8A-9BE4-FE8ACF552638}.Release|Any CPU.Build.0 = Release|Any CPU
	EndGlobalSection
	GlobalSection(SolutionProperties) = preSolution
		HideSolutionNode = FALSE
	EndGlobalSection
	GlobalSection(ExtensibilityGlobals) = postSolution
		SolutionGuid = {5B3C22BF-5A4B-4810-9514-F2B65E47869E}
	EndGlobalSection
EndGlobal
